// !$*UTF8*$!
{
	archiveVersion = 1;
	classes = {
	};
	objectVersion = 77;
	objects = {

/* Begin PBXContainerItemProxy section */
		C3E4B4DB2DD3BEBA005A3331 /* PBXContainerItemProxy */ = {
			isa = PBXContainerItemProxy;
			containerPortal = C3E4B4B92DD3BEB8005A3331 /* Project object */;
			proxyType = 1;
			remoteGlobalIDString = C3E4B4C02DD3BEB8005A3331;
			remoteInfo = "SignIn&Up";
		};
		C3E4B4E52DD3BEBA005A3331 /* PBXContainerItemProxy */ = {
			isa = PBXContainerItemProxy;
			containerPortal = C3E4B4B92DD3BEB8005A3331 /* Project object */;
			proxyType = 1;
			remoteGlobalIDString = C3E4B4C02DD3BEB8005A3331;
			remoteInfo = "SignIn&Up";
		};
/* End PBXContainerItemProxy section */

/* Begin PBXFileReference section */
		C3E4B4C12DD3BEB8005A3331 /* SignIn&Up.app */ = {isa = PBXFileReference; explicitFileType = wrapper.application; includeInIndex = 0; path = "SignIn&Up.app"; sourceTree = BUILT_PRODUCTS_DIR; };
		C3E4B4DA2DD3BEBA005A3331 /* SignIn&UpTests.xctest */ = {isa = PBXFileReference; explicitFileType = wrapper.cfbundle; includeInIndex = 0; path = "SignIn&UpTests.xctest"; sourceTree = BUILT_PRODUCTS_DIR; };
		C3E4B4E42DD3BEBA005A3331 /* SignIn&UpUITests.xctest */ = {isa = PBXFileReference; explicitFileType = wrapper.cfbundle; includeInIndex = 0; path = "SignIn&UpUITests.xctest"; sourceTree = BUILT_PRODUCTS_DIR; };
/* End PBXFileReference section */

/* Begin PBXFileSystemSynchronizedBuildFileExceptionSet section */
		C3E4B4EC2DD3BEBA005A3331 /* Exceptions for "SignIn&Up" folder in "SignIn&Up" target */ = {
			isa = PBXFileSystemSynchronizedBuildFileExceptionSet;
			membershipExceptions = (
				Info.plist,
			);
			target = C3E4B4C02DD3BEB8005A3331 /* SignIn&Up */;
		};
/* End PBXFileSystemSynchronizedBuildFileExceptionSet section */

/* Begin PBXFileSystemSynchronizedRootGroup section */
		C3E4B4C32DD3BEB8005A3331 /* SignIn&Up */ = {
			isa = PBXFileSystemSynchronizedRootGroup;
			exceptions = (
				C3E4B4EC2DD3BEBA005A3331 /* Exceptions for "SignIn&Up" folder in "SignIn&Up" target */,
			);
			path = "SignIn&Up";
			sourceTree = "<group>";
		};
		C3E4B4DD2DD3BEBA005A3331 /* SignIn&UpTests */ = {
			isa = PBXFileSystemSynchronizedRootGroup;
			path = "SignIn&UpTests";
			sourceTree = "<group>";
		};
		C3E4B4E72DD3BEBA005A3331 /* SignIn&UpUITests */ = {
			isa = PBXFileSystemSynchronizedRootGroup;
			path = "SignIn&UpUITests";
			sourceTree = "<group>";
		};
/* End PBXFileSystemSynchronizedRootGroup section */

/* Begin PBXFrameworksBuildPhase section */
		C3E4B4BE2DD3BEB8005A3331 /* Frameworks */ = {
			isa = PBXFrameworksBuildPhase;
			buildActionMask = 2147483647;
			files = (
			);
			runOnlyForDeploymentPostprocessing = 0;
		};
		C3E4B4D72DD3BEBA005A3331 /* Frameworks */ = {
			isa = PBXFrameworksBuildPhase;
			buildActionMask = 2147483647;
			files = (
			);
			runOnlyForDeploymentPostprocessing = 0;
		};
		C3E4B4E12DD3BEBA005A3331 /* Frameworks */ = {
			isa = PBXFrameworksBuildPhase;
			buildActionMask = 2147483647;
			files = (
			);
			runOnlyForDeploymentPostprocessing = 0;
		};
/* End PBXFrameworksBuildPhase section */

/* Begin PBXGroup section */
		C3E4B4B82DD3BEB8005A3331 = {
			isa = PBXGroup;
			children = (
				C3E4B4C32DD3BEB8005A3331 /* SignIn&Up */,
				C3E4B4DD2DD3BEBA005A3331 /* SignIn&UpTests */,
				C3E4B4E72DD3BEBA005A3331 /* SignIn&UpUITests */,
				C3E4B4C22DD3BEB8005A3331 /* Products */,
			);
			sourceTree = "<group>";
		};
		C3E4B4C22DD3BEB8005A3331 /* Products */ = {
			isa = PBXGroup;
			children = (
				C3E4B4C12DD3BEB8005A3331 /* SignIn&Up.app */,
				C3E4B4DA2DD3BEBA005A3331 /* SignIn&UpTests.xctest */,
				C3E4B4E42DD3BEBA005A3331 /* SignIn&UpUITests.xctest */,
			);
			name = Products;
			sourceTree = "<group>";
		};
/* End PBXGroup section */

/* Begin PBXNativeTarget section */
		C3E4B4C02DD3BEB8005A3331 /* SignIn&Up */ = {
			isa = PBXNativeTarget;
			buildConfigurationList = C3E4B4ED2DD3BEBA005A3331 /* Build configuration list for PBXNativeTarget "SignIn&Up" */;
			buildPhases = (
				C3E4B4BD2DD3BEB8005A3331 /* Sources */,
				C3E4B4BE2DD3BEB8005A3331 /* Frameworks */,
				C3E4B4BF2DD3BEB8005A3331 /* Resources */,
			);
			buildRules = (
			);
			dependencies = (
			);
			fileSystemSynchronizedGroups = (
				C3E4B4C32DD3BEB8005A3331 /* SignIn&Up */,
			);
			name = "SignIn&Up";
			packageProductDependencies = (
			);
			productName = "SignIn&Up";
			productReference = C3E4B4C12DD3BEB8005A3331 /* SignIn&Up.app */;
			productType = "com.apple.product-type.application";
		};
		C3E4B4D92DD3BEBA005A3331 /* SignIn&UpTests */ = {
			isa = PBXNativeTarget;
			buildConfigurationList = C3E4B4F22DD3BEBA005A3331 /* Build configuration list for PBXNativeTarget "SignIn&UpTests" */;
			buildPhases = (
				C3E4B4D62DD3BEBA005A3331 /* Sources */,
				C3E4B4D72DD3BEBA005A3331 /* Frameworks */,
				C3E4B4D82DD3BEBA005A3331 /* Resources */,
			);
			buildRules = (
			);
			dependencies = (
				C3E4B4DC2DD3BEBA005A3331 /* PBXTargetDependency */,
			);
			fileSystemSynchronizedGroups = (
				C3E4B4DD2DD3BEBA005A3331 /* SignIn&UpTests */,
			);
			name = "SignIn&UpTests";
			packageProductDependencies = (
			);
			productName = "SignIn&UpTests";
			productReference = C3E4B4DA2DD3BEBA005A3331 /* SignIn&UpTests.xctest */;
			productType = "com.apple.product-type.bundle.unit-test";
		};
		C3E4B4E32DD3BEBA005A3331 /* SignIn&UpUITests */ = {
			isa = PBXNativeTarget;
			buildConfigurationList = C3E4B4F52DD3BEBA005A3331 /* Build configuration list for PBXNativeTarget "SignIn&UpUITests" */;
			buildPhases = (
				C3E4B4E02DD3BEBA005A3331 /* Sources */,
				C3E4B4E12DD3BEBA005A3331 /* Frameworks */,
				C3E4B4E22DD3BEBA005A3331 /* Resources */,
			);
			buildRules = (
			);
			dependencies = (
				C3E4B4E62DD3BEBA005A3331 /* PBXTargetDependency */,
			);
			fileSystemSynchronizedGroups = (
				C3E4B4E72DD3BEBA005A3331 /* SignIn&UpUITests */,
			);
			name = "SignIn&UpUITests";
			packageProductDependencies = (
			);
			productName = "SignIn&UpUITests";
			productReference = C3E4B4E42DD3BEBA005A3331 /* SignIn&UpUITests.xctest */;
			productType = "com.apple.product-type.bundle.ui-testing";
		};
/* End PBXNativeTarget section */

/* Begin PBXProject section */
		C3E4B4B92DD3BEB8005A3331 /* Project object */ = {
			isa = PBXProject;
			attributes = {
				BuildIndependentTargetsInParallel = 1;
				LastSwiftUpdateCheck = 1630;
				LastUpgradeCheck = 1630;
				TargetAttributes = {
					C3E4B4C02DD3BEB8005A3331 = {
						CreatedOnToolsVersion = 16.3;
					};
					C3E4B4D92DD3BEBA005A3331 = {
						CreatedOnToolsVersion = 16.3;
						TestTargetID = C3E4B4C02DD3BEB8005A3331;
					};
					C3E4B4E32DD3BEBA005A3331 = {
						CreatedOnToolsVersion = 16.3;
						TestTargetID = C3E4B4C02DD3BEB8005A3331;
					};
				};
			};
			buildConfigurationList = C3E4B4BC2DD3BEB8005A3331 /* Build configuration list for PBXProject "SignIn&Up" */;
			developmentRegion = en;
			hasScannedForEncodings = 0;
			knownRegions = (
				en,
				Base,
			);
			mainGroup = C3E4B4B82DD3BEB8005A3331;
			minimizedProjectReferenceProxies = 1;
			preferredProjectObjectVersion = 77;
			productRefGroup = C3E4B4C22DD3BEB8005A3331 /* Products */;
			projectDirPath = "";
			projectRoot = "";
			targets = (
				C3E4B4C02DD3BEB8005A3331 /* SignIn&Up */,
				C3E4B4D92DD3BEBA005A3331 /* SignIn&UpTests */,
				C3E4B4E32DD3BEBA005A3331 /* SignIn&UpUITests */,
			);
		};
/* End PBXProject section */

/* Begin PBXResourcesBuildPhase section */
		C3E4B4BF2DD3BEB8005A3331 /* Resources */ = {
			isa = PBXResourcesBuildPhase;
			buildActionMask = 2147483647;
			files = (
			);
			runOnlyForDeploymentPostprocessing = 0;
		};
		C3E4B4D82DD3BEBA005A3331 /* Resources */ = {
			isa = PBXResourcesBuildPhase;
			buildActionMask = 2147483647;
			files = (
			);
			runOnlyForDeploymentPostprocessing = 0;
		};
		C3E4B4E22DD3BEBA005A3331 /* Resources */ = {
			isa = PBXResourcesBuildPhase;
			buildActionMask = 2147483647;
			files = (
			);
			runOnlyForDeploymentPostprocessing = 0;
		};
/* End PBXResourcesBuildPhase section */

/* Begin PBXSourcesBuildPhase section */
		C3E4B4BD2DD3BEB8005A3331 /* Sources */ = {
			isa = PBXSourcesBuildPhase;
			buildActionMask = 2147483647;
			files = (
			);
			runOnlyForDeploymentPostprocessing = 0;
		};
		C3E4B4D62DD3BEBA005A3331 /* Sources */ = {
			isa = PBXSourcesBuildPhase;
			buildActionMask = 2147483647;
			files = (
			);
			runOnlyForDeploymentPostprocessing = 0;
		};
		C3E4B4E02DD3BEBA005A3331 /* Sources */ = {
			isa = PBXSourcesBuildPhase;
			buildActionMask = 2147483647;
			files = (
			);
			runOnlyForDeploymentPostprocessing = 0;
		};
/* End PBXSourcesBuildPhase section */

/* Begin PBXTargetDependency section */
		C3E4B4DC2DD3BEBA005A3331 /* PBXTargetDependency */ = {
			isa = PBXTargetDependency;
			target = C3E4B4C02DD3BEB8005A3331 /* SignIn&Up */;
			targetProxy = C3E4B4DB2DD3BEBA005A3331 /* PBXContainerItemProxy */;
		};
		C3E4B4E62DD3BEBA005A3331 /* PBXTargetDependency */ = {
			isa = PBXTargetDependency;
			target = C3E4B4C02DD3BEB8005A3331 /* SignIn&Up */;
			targetProxy = C3E4B4E52DD3BEBA005A3331 /* PBXContainerItemProxy */;
		};
/* End PBXTargetDependency section */

/* Begin XCBuildConfiguration section */
		C3E4B4EE2DD3BEBA005A3331 /* Debug */ = {
			isa = XCBuildConfiguration;
			buildSettings = {
				ASSETCATALOG_COMPILER_APPICON_NAME = AppIcon;
				ASSETCATALOG_COMPILER_GLOBAL_ACCENT_COLOR_NAME = AccentColor;
				CODE_SIGN_STYLE = Automatic;
				CURRENT_PROJECT_VERSION = 1;
				GENERATE_INFOPLIST_FILE = YES;
				INFOPLIST_FILE = "SignIn&Up/Info.plist";
				INFOPLIST_KEY_UIApplicationSupportsIndirectInputEvents = YES;
				INFOPLIST_KEY_UILaunchStoryboardName = LaunchScreen;
				INFOPLIST_KEY_UIMainStoryboardFile = Main;
				INFOPLIST_KEY_UISupportedInterfaceOrientations_iPad = "UIInterfaceOrientationPortrait UIInterfaceOrientationPortraitUpsideDown UIInterfaceOrientationLandscapeLeft UIInterfaceOrientationLandscapeRight";
				INFOPLIST_KEY_UISupportedInterfaceOrientations_iPhone = "UIInterfaceOrientationPortrait UIInterfaceOrientationLandscapeLeft UIInterfaceOrientationLandscapeRight";
				LD_RUNPATH_SEARCH_PATHS = (
					"$(inherited)",
					"@executable_path/Frameworks",
				);
				MARKETING_VERSION = 1.0;
				PRODUCT_BUNDLE_IDENTIFIER = "hamsik22.SignIn-Up";
				PRODUCT_NAME = "$(TARGET_NAME)";
				SWIFT_EMIT_LOC_STRINGS = YES;
				SWIFT_VERSION = 5.0;
				TARGETED_DEVICE_FAMILY = "1,2";
			};
			name = Debug;
		};
		C3E4B4EF2DD3BEBA005A3331 /* Release */ = {
			isa = XCBuildConfiguration;
			buildSettings = {
				ASSETCATALOG_COMPILER_APPICON_NAME = AppIcon;
				ASSETCATALOG_COMPILER_GLOBAL_ACCENT_COLOR_NAME = AccentColor;
				CODE_SIGN_STYLE = Automatic;
				CURRENT_PROJECT_VERSION = 1;
				GENERATE_INFOPLIST_FILE = YES;
				INFOPLIST_FILE = "SignIn&Up/Info.plist";
				INFOPLIST_KEY_UIApplicationSupportsIndirectInputEvents = YES;
				INFOPLIST_KEY_UILaunchStoryboardName = LaunchScreen;
				INFOPLIST_KEY_UIMainStoryboardFile = Main;
				INFOPLIST_KEY_UISupportedInterfaceOrientations_iPad = "UIInterfaceOrientationPortrait UIInterfaceOrientationPortraitUpsideDown UIInterfaceOrientationLandscapeLeft UIInterfaceOrientationLandscapeRight";
				INFOPLIST_KEY_UISupportedInterfaceOrientations_iPhone = "UIInterfaceOrientationPortrait UIInterfaceOrientationLandscapeLeft UIInterfaceOrientationLandscapeRight";
				LD_RUNPATH_SEARCH_PATHS = (
					"$(inherited)",
					"@executable_path/Frameworks",
				);
				MARKETING_VERSION = 1.0;
				PRODUCT_BUNDLE_IDENTIFIER = "hamsik22.SignIn-Up";
				PRODUCT_NAME = "$(TARGET_NAME)";
				SWIFT_EMIT_LOC_STRINGS = YES;
				SWIFT_VERSION = 5.0;
				TARGETED_DEVICE_FAMILY = "1,2";
			};
			name = Release;
		};
		C3E4B4F02DD3BEBA005A3331 /* Debug */ = {
			isa = XCBuildConfiguration;
			buildSettings = {
				ALWAYS_SEARCH_USER_PATHS = NO;
				ASSETCATALOG_COMPILER_GENERATE_SWIFT_ASSET_SYMBOL_EXTENSIONS = YES;
				CLANG_ANALYZER_NONNULL = YES;
				CLANG_ANALYZER_NUMBER_OBJECT_CONVERSION = YES_AGGRESSIVE;
				CLANG_CXX_LANGUAGE_STANDARD = "gnu++20";
				CLANG_ENABLE_MODULES = YES;
				CLANG_ENABLE_OBJC_ARC = YES;
				CLANG_ENABLE_OBJC_WEAK = YES;
				CLANG_WARN_BLOCK_CAPTURE_AUTORELEASING = YES;
				CLANG_WARN_BOOL_CONVERSION = YES;
				CLANG_WARN_COMMA = YES;
				CLANG_WARN_CONSTANT_CONVERSION = YES;
				CLANG_WARN_DEPRECATED_OBJC_IMPLEMENTATIONS = YES;
				CLANG_WARN_DIRECT_OBJC_ISA_USAGE = YES_ERROR;
				CLANG_WARN_DOCUMENTATION_COMMENTS = YES;
				CLANG_WARN_EMPTY_BODY = YES;
				CLANG_WARN_ENUM_CONVERSION = YES;
				CLANG_WARN_INFINITE_RECURSION = YES;
				CLANG_WARN_INT_CONVERSION = YES;
				CLANG_WARN_NON_LITERAL_NULL_CONVERSION = YES;
				CLANG_WARN_OBJC_IMPLICIT_RETAIN_SELF = YES;
				CLANG_WARN_OBJC_LITERAL_CONVERSION = YES;
				CLANG_WARN_OBJC_ROOT_CLASS = YES_ERROR;
				CLANG_WARN_QUOTED_INCLUDE_IN_FRAMEWORK_HEADER = YES;
				CLANG_WARN_RANGE_LOOP_ANALYSIS = YES;
				CLANG_WARN_STRICT_PROTOTYPES = YES;
				CLANG_WARN_SUSPICIOUS_MOVE = YES;
				CLANG_WARN_UNGUARDED_AVAILABILITY = YES_AGGRESSIVE;
				CLANG_WARN_UNREACHABLE_CODE = YES;
				CLANG_WARN__DUPLICATE_METHOD_MATCH = YES;
				COPY_PHASE_STRIP = NO;
				DEBUG_INFORMATION_FORMAT = dwarf;
				ENABLE_STRICT_OBJC_MSGSEND = YES;
				ENABLE_TESTABILITY = YES;
				ENABLE_USER_SCRIPT_SANDBOXING = YES;
				GCC_C_LANGUAGE_STANDARD = gnu17;
				GCC_DYNAMIC_NO_PIC = NO;
				GCC_NO_COMMON_BLOCKS = YES;
				GCC_OPTIMIZATION_LEVEL = 0;
				GCC_PREPROCESSOR_DEFINITIONS = (
					"DEBUG=1",
					"$(inherited)",
				);
				GCC_WARN_64_TO_32_BIT_CONVERSION = YES;
				GCC_WARN_ABOUT_RETURN_TYPE = YES_ERROR;
				GCC_WARN_UNDECLARED_SELECTOR = YES;
				GCC_WARN_UNINITIALIZED_AUTOS = YES_AGGRESSIVE;
				GCC_WARN_UNUSED_FUNCTION = YES;
				GCC_WARN_UNUSED_VARIABLE = YES;
				IPHONEOS_DEPLOYMENT_TARGET = 18.4;
				LOCALIZATION_PREFERS_STRING_CATALOGS = YES;
				MTL_ENABLE_DEBUG_INFO = INCLUDE_SOURCE;
				MTL_FAST_MATH = YES;
				ONLY_ACTIVE_ARCH = YES;
				SDKROOT = iphoneos;
				SWIFT_ACTIVE_COMPILATION_CONDITIONS = "DEBUG $(inherited)";
				SWIFT_OPTIMIZATION_LEVEL = "-Onone";
			};
			name = Debug;
		};
		C3E4B4F12DD3BEBA005A3331 /* Release */ = {
			isa = XCBuildConfiguration;
			buildSettings = {
				ALWAYS_SEARCH_USER_PATHS = NO;
				ASSETCATALOG_COMPILER_GENERATE_SWIFT_ASSET_SYMBOL_EXTENSIONS = YES;
				CLANG_ANALYZER_NONNULL = YES;
				CLANG_ANALYZER_NUMBER_OBJECT_CONVERSION = YES_AGGRESSIVE;
				CLANG_CXX_LANGUAGE_STANDARD = "gnu++20";
				CLANG_ENABLE_MODULES = YES;
				CLANG_ENABLE_OBJC_ARC = YES;
				CLANG_ENABLE_OBJC_WEAK = YES;
				CLANG_WARN_BLOCK_CAPTURE_AUTORELEASING = YES;
				CLANG_WARN_BOOL_CONVERSION = YES;
				CLANG_WARN_COMMA = YES;
				CLANG_WARN_CONSTANT_CONVERSION = YES;
				CLANG_WARN_DEPRECATED_OBJC_IMPLEMENTATIONS = YES;
				CLANG_WARN_DIRECT_OBJC_ISA_USAGE = YES_ERROR;
				CLANG_WARN_DOCUMENTATION_COMMENTS = YES;
				CLANG_WARN_EMPTY_BODY = YES;
				CLANG_WARN_ENUM_CONVERSION = YES;
				CLANG_WARN_INFINITE_RECURSION = YES;
				CLANG_WARN_INT_CONVERSION = YES;
				CLANG_WARN_NON_LITERAL_NULL_CONVERSION = YES;
				CLANG_WARN_OBJC_IMPLICIT_RETAIN_SELF = YES;
				CLANG_WARN_OBJC_LITERAL_CONVERSION = YES;
				CLANG_WARN_OBJC_ROOT_CLASS = YES_ERROR;
				CLANG_WARN_QUOTED_INCLUDE_IN_FRAMEWORK_HEADER = YES;
				CLANG_WARN_RANGE_LOOP_ANALYSIS = YES;
				CLANG_WARN_STRICT_PROTOTYPES = YES;
				CLANG_WARN_SUSPICIOUS_MOVE = YES;
				CLANG_WARN_UNGUARDED_AVAILABILITY = YES_AGGRESSIVE;
				CLANG_WARN_UNREACHABLE_CODE = YES;
				CLANG_WARN__DUPLICATE_METHOD_MATCH = YES;
				COPY_PHASE_STRIP = NO;
				DEBUG_INFORMATION_FORMAT = "dwarf-with-dsym";
				ENABLE_NS_ASSERTIONS = NO;
				ENABLE_STRICT_OBJC_MSGSEND = YES;
				ENABLE_USER_SCRIPT_SANDBOXING = YES;
				GCC_C_LANGUAGE_STANDARD = gnu17;
				GCC_NO_COMMON_BLOCKS = YES;
				GCC_WARN_64_TO_32_BIT_CONVERSION = YES;
				GCC_WARN_ABOUT_RETURN_TYPE = YES_ERROR;
				GCC_WARN_UNDECLARED_SELECTOR = YES;
				GCC_WARN_UNINITIALIZED_AUTOS = YES_AGGRESSIVE;
				GCC_WARN_UNUSED_FUNCTION = YES;
				GCC_WARN_UNUSED_VARIABLE = YES;
				IPHONEOS_DEPLOYMENT_TARGET = 18.4;
				LOCALIZATION_PREFERS_STRING_CATALOGS = YES;
				MTL_ENABLE_DEBUG_INFO = NO;
				MTL_FAST_MATH = YES;
				SDKROOT = iphoneos;
				SWIFT_COMPILATION_MODE = wholemodule;
				VALIDATE_PRODUCT = YES;
			};
			name = Release;
		};
		C3E4B4F32DD3BEBA005A3331 /* Debug */ = {
			isa = XCBuildConfiguration;
			buildSettings = {
				BUNDLE_LOADER = "$(TEST_HOST)";
				CODE_SIGN_STYLE = Automatic;
				CURRENT_PROJECT_VERSION = 1;
				GENERATE_INFOPLIST_FILE = YES;
				IPHONEOS_DEPLOYMENT_TARGET = 18.4;
				MARKETING_VERSION = 1.0;
				PRODUCT_BUNDLE_IDENTIFIER = "hamsik22.SignIn-UpTests";
				PRODUCT_NAME = "$(TARGET_NAME)";
				SWIFT_EMIT_LOC_STRINGS = NO;
				SWIFT_VERSION = 5.0;
				TARGETED_DEVICE_FAMILY = "1,2";
				TEST_HOST = "$(BUILT_PRODUCTS_DIR)/SignIn&Up.app/$(BUNDLE_EXECUTABLE_FOLDER_PATH)/SignIn&Up";
			};
			name = Debug;
		};
		C3E4B4F42DD3BEBA005A3331 /* Release */ = {
			isa = XCBuildConfiguration;
			buildSettings = {
				BUNDLE_LOADER = "$(TEST_HOST)";
				CODE_SIGN_STYLE = Automatic;
				CURRENT_PROJECT_VERSION = 1;
				GENERATE_INFOPLIST_FILE = YES;
				IPHONEOS_DEPLOYMENT_TARGET = 18.4;
				MARKETING_VERSION = 1.0;
				PRODUCT_BUNDLE_IDENTIFIER = "hamsik22.SignIn-UpTests";
				PRODUCT_NAME = "$(TARGET_NAME)";
				SWIFT_EMIT_LOC_STRINGS = NO;
				SWIFT_VERSION = 5.0;
				TARGETED_DEVICE_FAMILY = "1,2";
				TEST_HOST = "$(BUILT_PRODUCTS_DIR)/SignIn&Up.app/$(BUNDLE_EXECUTABLE_FOLDER_PATH)/SignIn&Up";
			};
			name = Release;
		};
		C3E4B4F62DD3BEBA005A3331 /* Debug */ = {
			isa = XCBuildConfiguration;
			buildSettings = {
				CODE_SIGN_STYLE = Automatic;
				CURRENT_PROJECT_VERSION = 1;
				GENERATE_INFOPLIST_FILE = YES;
				MARKETING_VERSION = 1.0;
				PRODUCT_BUNDLE_IDENTIFIER = "hamsik22.SignIn-UpUITests";
				PRODUCT_NAME = "$(TARGET_NAME)";
				SWIFT_EMIT_LOC_STRINGS = NO;
				SWIFT_VERSION = 5.0;
				TARGETED_DEVICE_FAMILY = "1,2";
				TEST_TARGET_NAME = "SignIn&Up";
			};
			name = Debug;
		};
		C3E4B4F72DD3BEBA005A3331 /* Release */ = {
			isa = XCBuildConfiguration;
			buildSettings = {
				CODE_SIGN_STYLE = Automatic;
				CURRENT_PROJECT_VERSION = 1;
				GENERATE_INFOPLIST_FILE = YES;
				MARKETING_VERSION = 1.0;
				PRODUCT_BUNDLE_IDENTIFIER = "hamsik22.SignIn-UpUITests";
				PRODUCT_NAME = "$(TARGET_NAME)";
				SWIFT_EMIT_LOC_STRINGS = NO;
				SWIFT_VERSION = 5.0;
				TARGETED_DEVICE_FAMILY = "1,2";
				TEST_TARGET_NAME = "SignIn&Up";
			};
			name = Release;
		};
/* End XCBuildConfiguration section */

/* Begin XCConfigurationList section */
		C3E4B4BC2DD3BEB8005A3331 /* Build configuration list for PBXProject "SignIn&Up" */ = {
			isa = XCConfigurationList;
			buildConfigurations = (
				C3E4B4F02DD3BEBA005A3331 /* Debug */,
				C3E4B4F12DD3BEBA005A3331 /* Release */,
			);
			defaultConfigurationIsVisible = 0;
			defaultConfigurationName = Release;
		};
		C3E4B4ED2DD3BEBA005A3331 /* Build configuration list for PBXNativeTarget "SignIn&Up" */ = {
			isa = XCConfigurationList;
			buildConfigurations = (
				C3E4B4EE2DD3BEBA005A3331 /* Debug */,
				C3E4B4EF2DD3BEBA005A3331 /* Release */,
			);
			defaultConfigurationIsVisible = 0;
			defaultConfigurationName = Release;
		};
		C3E4B4F22DD3BEBA005A3331 /* Build configuration list for PBXNativeTarget "SignIn&UpTests" */ = {
			isa = XCConfigurationList;
			buildConfigurations = (
				C3E4B4F32DD3BEBA005A3331 /* Debug */,
				C3E4B4F42DD3BEBA005A3331 /* Release */,
			);
			defaultConfigurationIsVisible = 0;
			defaultConfigurationName = Release;
		};
		C3E4B4F52DD3BEBA005A3331 /* Build configuration list for PBXNativeTarget "SignIn&UpUITests" */ = {
			isa = XCConfigurationList;
			buildConfigurations = (
				C3E4B4F62DD3BEBA005A3331 /* Debug */,
				C3E4B4F72DD3BEBA005A3331 /* Release */,
			);
			defaultConfigurationIsVisible = 0;
			defaultConfigurationName = Release;
		};
/* End XCConfigurationList section */
	};
	rootObject = C3E4B4B92DD3BEB8005A3331 /* Project object */;
}
